
Microsoft Visual Studio Solution File, Format Version 12.00
# Visual Studio Version 17
VisualStudioVersion = 17.7.34031.279
MinimumVisualStudioVersion = 10.0.40219.1
Project("{9A19103F-16F7-4668-BE54-9A1E7A4F7556}") = "AbstractFactory", "AbstractFactory\AbstractFactory.csproj", "{EF9191A0-4498-40EA-894C-AC5460B3D03B}"
EndProject
Project("{9A19103F-16F7-4668-BE54-9A1E7A4F7556}") = "DisneyGameUnitTest", "DisneyGameUnitTest\DisneyGameUnitTest.csproj", "{82F7A070-B633-496A-994F-1149BDE3B36E}"
EndProject
Global
	GlobalSection(SolutionConfigurationPlatforms) = preSolution
		Debug|Any CPU = Debug|Any CPU
		Release|Any CPU = Release|Any CPU
	EndGlobalSection
	GlobalSection(ProjectConfigurationPlatforms) = postSolution
		{EF9191A0-4498-40EA-894C-AC5460B3D03B}.Debug|Any CPU.ActiveCfg = Debug|Any CPU
		{EF9191A0-4498-40EA-894C-AC5460B3D03B}.Debug|Any CPU.Build.0 = Debug|Any CPU
		{EF9191A0-4498-40EA-894C-AC5460B3D03B}.Release|Any CPU.ActiveCfg = Release|Any CPU
		{EF9191A0-4498-40EA-894C-AC5460B3D03B}.Release|Any CPU.Build.0 = Release|Any CPU
		{82F7A070-B633-496A-994F-1149BDE3B36E}.Debug|Any CPU.ActiveCfg = Debug|Any CPU
		{82F7A070-B633-496A-994F-1149BDE3B36E}.Debug|Any CPU.Build.0 = Debug|Any CPU
		{82F7A070-B633-496A-994F-1149BDE3B36E}.Release|Any CPU.ActiveCfg = Release|Any CPU
		{82F7A070-B633-496A-994F-1149BDE3B36E}.Release|Any CPU.Build.0 = Release|Any CPU
	EndGlobalSection
	GlobalSection(SolutionProperties) = preSolution
		HideSolutionNode = FALSE
	EndGlobalSection
	GlobalSection(ExtensibilityGlobals) = postSolution
		SolutionGuid = {57A5B334-1C40-4335-B2B9-34E7E2B9CCC9}
	EndGlobalSection
EndGlobal
